
Microsoft Visual Studio Solution File, Format Version 12.00
# Visual Studio 15
VisualStudioVersion = 15.0.26228.12
MinimumVisualStudioVersion = 10.0.40219.1
Project("{2150E333-8FDC-42A3-9474-1A3956D46DE8}") = "src", "src", "{80491897-56E6-40A1-B6F1-C8854A515A24}"
	ProjectSection(SolutionItems) = preProject
		..\src\index.html = ..\src\index.html
	EndProjectSection
EndProject
Project("{2150E333-8FDC-42A3-9474-1A3956D46DE8}") = "assets", "assets", "{4CF2E196-9094-4901-B850-BE8EC72B30F4}"
	ProjectSection(SolutionItems) = preProject
		..\src\assets\app.css = ..\src\assets\app.css
		..\src\assets\photo-3.jpg = ..\src\assets\photo-3.jpg
	EndProjectSection
EndProject
Global
	GlobalSection(SolutionProperties) = preSolution
		HideSolutionNode = FALSE
	EndGlobalSection
	GlobalSection(NestedProjects) = preSolution
		{4CF2E196-9094-4901-B850-BE8EC72B30F4} = {80491897-56E6-40A1-B6F1-C8854A515A24}
	EndGlobalSection
EndGlobal
